Microsoft Visual Studio Solution File, Format Version 12.00
# Visual Studio 2012
Project("{FAE04EC0-301F-11D3-BF4B-00C04F79EFBC}") = "God4_1", "God4_1.csproj", "{6683186D-2C7E-4A58-8252-64A2B44D6F48}"
EndProject
Global
	GlobalSection(SolutionConfigurationPlatforms) = preSolution
	Debug|Any CPU = Debug|Any CPU
	ExportDebug|Any CPU = ExportDebug|Any CPU
	ExportRelease|Any CPU = ExportRelease|Any CPU
	EndGlobalSection
	GlobalSection(ProjectConfigurationPlatforms) = postSolution
		{6683186D-2C7E-4A58-8252-64A2B44D6F48}.Debug|Any CPU.ActiveCfg = Debug|Any CPU
		{6683186D-2C7E-4A58-8252-64A2B44D6F48}.Debug|Any CPU.Build.0 = Debug|Any CPU
		{6683186D-2C7E-4A58-8252-64A2B44D6F48}.ExportDebug|Any CPU.ActiveCfg = ExportDebug|Any CPU
		{6683186D-2C7E-4A58-8252-64A2B44D6F48}.ExportDebug|Any CPU.Build.0 = ExportDebug|Any CPU
		{6683186D-2C7E-4A58-8252-64A2B44D6F48}.ExportRelease|Any CPU.ActiveCfg = ExportRelease|Any CPU
		{6683186D-2C7E-4A58-8252-64A2B44D6F48}.ExportRelease|Any CPU.Build.0 = ExportRelease|Any CPU
	EndGlobalSection
EndGlobal
