
Microsoft Visual Studio Solution File, Format Version 12.00
# Visual Studio 15
VisualStudioVersion = 15.0.27703.2018
MinimumVisualStudioVersion = 10.0.40219.1
Project("{FAE04EC0-301F-11D3-BF4B-00C04F79EFBC}") = "Dungeons", "DungeonsGenerator\Dungeons.csproj", "{6E90D7C5-938D-4E62-B45C-53D0033847EF}"
EndProject
Project("{FAE04EC0-301F-11D3-BF4B-00C04F79EFBC}") = "DungeonsConsoleRunner", "DungeonsConsoleRunner\DungeonsConsoleRunner.csproj", "{D0D27131-A217-4182-8682-7BBC9EDFF159}"
EndProject
Global
	GlobalSection(SolutionConfigurationPlatforms) = preSolution
		Debug|Any CPU = Debug|Any CPU
		Release|Any CPU = Release|Any CPU
	EndGlobalSection
	GlobalSection(ProjectConfigurationPlatforms) = postSolution
		{6E90D7C5-938D-4E62-B45C-53D0033847EF}.Debug|Any CPU.ActiveCfg = Debug|Any CPU
		{6E90D7C5-938D-4E62-B45C-53D0033847EF}.Debug|Any CPU.Build.0 = Debug|Any CPU
		{6E90D7C5-938D-4E62-B45C-53D0033847EF}.Release|Any CPU.ActiveCfg = Release|Any CPU
		{6E90D7C5-938D-4E62-B45C-53D0033847EF}.Release|Any CPU.Build.0 = Release|Any CPU
		{D0D27131-A217-4182-8682-7BBC9EDFF159}.Debug|Any CPU.ActiveCfg = Debug|Any CPU
		{D0D27131-A217-4182-8682-7BBC9EDFF159}.Debug|Any CPU.Build.0 = Debug|Any CPU
		{D0D27131-A217-4182-8682-7BBC9EDFF159}.Release|Any CPU.ActiveCfg = Release|Any CPU
		{D0D27131-A217-4182-8682-7BBC9EDFF159}.Release|Any CPU.Build.0 = Release|Any CPU
	EndGlobalSection
	GlobalSection(SolutionProperties) = preSolution
		HideSolutionNode = FALSE
	EndGlobalSection
	GlobalSection(ExtensibilityGlobals) = postSolution
		SolutionGuid = {7AEF3B30-BA5D-4430-8A46-E723E7F76C85}
	EndGlobalSection
EndGlobal
