
Microsoft Visual Studio Solution File, Format Version 12.00
# Visual Studio Version 16
VisualStudioVersion = 16.0.32002.261
MinimumVisualStudioVersion = 10.0.40219.1
Project("{FAE04EC0-301F-11D3-BF4B-00C04F79EFBC}") = "Dungeons", "Dungeons\Dungeons.csproj", "{6E90D7C5-938D-4E62-B45C-53D0033847EF}"
EndProject
Global
	GlobalSection(SolutionConfigurationPlatforms) = preSolution
		Debug|Any CPU = Debug|Any CPU
		OuaDII|Any CPU = OuaDII|Any CPU
		Release|Any CPU = Release|Any CPU
	EndGlobalSection
	GlobalSection(ProjectConfigurationPlatforms) = postSolution
		{6E90D7C5-938D-4E62-B45C-53D0033847EF}.Debug|Any CPU.ActiveCfg = Debug|Any CPU
		{6E90D7C5-938D-4E62-B45C-53D0033847EF}.Debug|Any CPU.Build.0 = Debug|Any CPU
		{6E90D7C5-938D-4E62-B45C-53D0033847EF}.OuaDII|Any CPU.ActiveCfg = OuaDII|Any CPU
		{6E90D7C5-938D-4E62-B45C-53D0033847EF}.OuaDII|Any CPU.Build.0 = OuaDII|Any CPU
		{6E90D7C5-938D-4E62-B45C-53D0033847EF}.Release|Any CPU.ActiveCfg = Release|Any CPU
		{6E90D7C5-938D-4E62-B45C-53D0033847EF}.Release|Any CPU.Build.0 = Release|Any CPU
	EndGlobalSection
	GlobalSection(SolutionProperties) = preSolution
		HideSolutionNode = FALSE
	EndGlobalSection
	GlobalSection(ExtensibilityGlobals) = postSolution
		SolutionGuid = {7AEF3B30-BA5D-4430-8A46-E723E7F76C85}
	EndGlobalSection
EndGlobal
